
Microsoft Visual Studio Solution File, Format Version 12.00
# Visual Studio Version 16
VisualStudioVersion = 16.0.30907.101
MinimumVisualStudioVersion = 10.0.40219.1
Project("{FAE04EC0-301F-11D3-BF4B-00C04F79EFBC}") = "ProductOffers", "ProductOffers\ProductOffers.csproj", "{8EF56056-90A1-4F35-B526-E770B99A5147}"
EndProject
Global
	GlobalSection(SolutionConfigurationPlatforms) = preSolution
		Debug|Any CPU = Debug|Any CPU
		Release|Any CPU = Release|Any CPU
	EndGlobalSection
	GlobalSection(ProjectConfigurationPlatforms) = postSolution
		{8EF56056-90A1-4F35-B526-E770B99A5147}.Debug|Any CPU.ActiveCfg = Debug|Any CPU
		{8EF56056-90A1-4F35-B526-E770B99A5147}.Debug|Any CPU.Build.0 = Debug|Any CPU
		{8EF56056-90A1-4F35-B526-E770B99A5147}.Release|Any CPU.ActiveCfg = Release|Any CPU
		{8EF56056-90A1-4F35-B526-E770B99A5147}.Release|Any CPU.Build.0 = Release|Any CPU
	EndGlobalSection
	GlobalSection(SolutionProperties) = preSolution
		HideSolutionNode = FALSE
	EndGlobalSection
	GlobalSection(ExtensibilityGlobals) = postSolution
		SolutionGuid = {23036481-76E0-41C0-9060-CC9F5497BF75}
	EndGlobalSection
EndGlobal
